
Microsoft Visual Studio Solution File, Format Version 12.00
# Visual Studio 15
VisualStudioVersion = 15.0.28307.421
MinimumVisualStudioVersion = 10.0.40219.1
Project("{8BC9CEB8-8B4A-11D0-8D11-00A0C91BC942}") = "ThrustVectoringSystem", "ThrustVectoringSystem.vcxproj", "{C5F80730-F44F-4478-BDAE-6634EFC2CA88}"
EndProject
Project("{8BC9CEB8-8B4A-11D0-8D11-00A0C91BC942}") = "JoyStickFuncs", "JoyStickFuncs\JoyStickFuncs.vcxitems", "{EB99AE8A-5388-4180-8735-8A6C243D716B}"
EndProject
Project("{8BC9CEB8-8B4A-11D0-8D11-00A0C91BC942}") = "ServoFuncs", "ServoFuncs\ServoFuncs.vcxitems", "{AB1BB363-F7B7-4CE1-90E2-2ACD7CDF160F}"
EndProject
Global
	GlobalSection(SharedMSBuildProjectFiles) = preSolution
		ServoFuncs\ServoFuncs.vcxitems*{ab1bb363-f7b7-4ce1-90e2-2acd7cdf160f}*SharedItemsImports = 9
		JoyStickFuncs\JoyStickFuncs.vcxitems*{c5f80730-f44f-4478-bdae-6634efc2ca88}*SharedItemsImports = 4
		ServoFuncs\ServoFuncs.vcxitems*{c5f80730-f44f-4478-bdae-6634efc2ca88}*SharedItemsImports = 4
		JoyStickFuncs\JoyStickFuncs.vcxitems*{eb99ae8a-5388-4180-8735-8a6c243d716b}*SharedItemsImports = 9
	EndGlobalSection
	GlobalSection(SolutionConfigurationPlatforms) = preSolution
		Debug|x86 = Debug|x86
		Release|x86 = Release|x86
	EndGlobalSection
	GlobalSection(ProjectConfigurationPlatforms) = postSolution
		{C5F80730-F44F-4478-BDAE-6634EFC2CA88}.Debug|x86.ActiveCfg = Debug|Win32
		{C5F80730-F44F-4478-BDAE-6634EFC2CA88}.Debug|x86.Build.0 = Debug|Win32
		{C5F80730-F44F-4478-BDAE-6634EFC2CA88}.Release|x86.ActiveCfg = Release|Win32
		{C5F80730-F44F-4478-BDAE-6634EFC2CA88}.Release|x86.Build.0 = Release|Win32
	EndGlobalSection
	GlobalSection(SolutionProperties) = preSolution
		HideSolutionNode = FALSE
	EndGlobalSection
	GlobalSection(ExtensibilityGlobals) = postSolution
		SolutionGuid = {86AC9CCB-8B25-40AF-A09B-CDE1AC794A0A}
	EndGlobalSection
EndGlobal
